
Microsoft Visual Studio Solution File, Format Version 12.00
# Visual Studio Version 17
VisualStudioVersion = 17.5.33516.290
MinimumVisualStudioVersion = 10.0.40219.1
Project("{9A19103F-16F7-4668-BE54-9A1E7A4F7556}") = "SingleResponsibilty", "SingleResponsibilty\SingleResponsibilty.csproj", "{3220D39F-158B-46BE-86DF-74F2FF0B6D2B}"
EndProject
Project("{9A19103F-16F7-4668-BE54-9A1E7A4F7556}") = "OpenClosed", "OpenClosed\OpenClosed.csproj", "{A6A87BB7-9363-4490-9F87-E2879C362611}"
EndProject
Project("{FAE04EC0-301F-11D3-BF4B-00C04F79EFBC}") = "LiskovSubstution", "LiskovSubstution\LiskovSubstution.csproj", "{14CFCD0F-FC58-4E9E-AE17-6E17B20DCAE7}"
EndProject
Global
	GlobalSection(SolutionConfigurationPlatforms) = preSolution
		Debug|Any CPU = Debug|Any CPU
		Release|Any CPU = Release|Any CPU
	EndGlobalSection
	GlobalSection(ProjectConfigurationPlatforms) = postSolution
		{3220D39F-158B-46BE-86DF-74F2FF0B6D2B}.Debug|Any CPU.ActiveCfg = Debug|Any CPU
		{3220D39F-158B-46BE-86DF-74F2FF0B6D2B}.Debug|Any CPU.Build.0 = Debug|Any CPU
		{3220D39F-158B-46BE-86DF-74F2FF0B6D2B}.Release|Any CPU.ActiveCfg = Release|Any CPU
		{3220D39F-158B-46BE-86DF-74F2FF0B6D2B}.Release|Any CPU.Build.0 = Release|Any CPU
		{A6A87BB7-9363-4490-9F87-E2879C362611}.Debug|Any CPU.ActiveCfg = Debug|Any CPU
		{A6A87BB7-9363-4490-9F87-E2879C362611}.Debug|Any CPU.Build.0 = Debug|Any CPU
		{A6A87BB7-9363-4490-9F87-E2879C362611}.Release|Any CPU.ActiveCfg = Release|Any CPU
		{A6A87BB7-9363-4490-9F87-E2879C362611}.Release|Any CPU.Build.0 = Release|Any CPU
		{14CFCD0F-FC58-4E9E-AE17-6E17B20DCAE7}.Debug|Any CPU.ActiveCfg = Debug|Any CPU
		{14CFCD0F-FC58-4E9E-AE17-6E17B20DCAE7}.Debug|Any CPU.Build.0 = Debug|Any CPU
		{14CFCD0F-FC58-4E9E-AE17-6E17B20DCAE7}.Release|Any CPU.ActiveCfg = Release|Any CPU
		{14CFCD0F-FC58-4E9E-AE17-6E17B20DCAE7}.Release|Any CPU.Build.0 = Release|Any CPU
	EndGlobalSection
	GlobalSection(SolutionProperties) = preSolution
		HideSolutionNode = FALSE
	EndGlobalSection
	GlobalSection(ExtensibilityGlobals) = postSolution
		SolutionGuid = {F1029D0E-5774-4C69-AEA1-8CA9EA879B32}
	EndGlobalSection
EndGlobal
