
Microsoft Visual Studio Solution File, Format Version 12.00
# Visual Studio Version 17
VisualStudioVersion = 17.5.33516.290
MinimumVisualStudioVersion = 10.0.40219.1
Project("{2150E333-8FDC-42A3-9474-1A3956D46DE8}") = "Creational", "Creational", "{589E3D68-B269-4E6A-9C80-A6487448481E}"
EndProject
Project("{2150E333-8FDC-42A3-9474-1A3956D46DE8}") = "Structural", "Structural", "{8706DB6C-F2F0-4F19-8E50-D0E777542384}"
EndProject
Project("{2150E333-8FDC-42A3-9474-1A3956D46DE8}") = "Behavioral", "Behavioral", "{3F8B018B-D170-4571-A91C-42D27FD58C23}"
EndProject
Project("{9A19103F-16F7-4668-BE54-9A1E7A4F7556}") = "FactoryMethod", "Creational\FactoryMethod\FactoryMethod.csproj", "{1A506394-A6FC-4357-8A79-72B6035BD9C3}"
EndProject
Project("{9A19103F-16F7-4668-BE54-9A1E7A4F7556}") = "AbstractFactory", "Creational\AbstractFactory\AbstractFactory.csproj", "{81DDBEE5-B649-4E58-8FE3-D78417B66D02}"
EndProject
Project("{9A19103F-16F7-4668-BE54-9A1E7A4F7556}") = "Builder", "Creational\Builder\Builder.csproj", "{4E605F33-62B6-481F-A14E-4FEA9C8A0A61}"
EndProject
Project("{9A19103F-16F7-4668-BE54-9A1E7A4F7556}") = "Prototype", "Creational\Prototype\Prototype.csproj", "{C439BE1F-6D46-438E-BF3B-76E308A8C655}"
EndProject
Project("{9A19103F-16F7-4668-BE54-9A1E7A4F7556}") = "Singleton", "Creational\Singleton\Singleton.csproj", "{F6EA8A79-248F-4597-A4EB-A6E5B72AD2F9}"
EndProject
Project("{9A19103F-16F7-4668-BE54-9A1E7A4F7556}") = "Adapter", "Structural\Adapter\Adapter.csproj", "{90E3CF4A-037D-4E7A-83E3-39983024D016}"
EndProject
Project("{9A19103F-16F7-4668-BE54-9A1E7A4F7556}") = "Bridge", "Structural\Bridge\Bridge.csproj", "{88D3EB97-678B-4BAF-98EF-409C5DF8B934}"
EndProject
Project("{9A19103F-16F7-4668-BE54-9A1E7A4F7556}") = "Composite", "Structural\Composite\Composite.csproj", "{8870E23F-C0FD-440B-9F40-384D51258AE7}"
EndProject
Project("{9A19103F-16F7-4668-BE54-9A1E7A4F7556}") = "Decorator", "Structural\Decorator\Decorator.csproj", "{6099CE94-1B94-40F3-A7DE-553CB3066822}"
EndProject
Project("{9A19103F-16F7-4668-BE54-9A1E7A4F7556}") = "Facade", "Structural\Facade\Facade.csproj", "{88B90A71-89F1-4477-B84D-F0439FC9B08E}"
EndProject
Project("{9A19103F-16F7-4668-BE54-9A1E7A4F7556}") = "FlyWeight", "Structural\FlyWeight\FlyWeight.csproj", "{387CAB25-F1C7-44A5-A272-AE47F3FE1179}"
EndProject
Project("{9A19103F-16F7-4668-BE54-9A1E7A4F7556}") = "Proxy", "Structural\Proxy\Proxy.csproj", "{B547C60E-915D-43A5-BD44-EFB9E828029A}"
EndProject
Project("{FAE04EC0-301F-11D3-BF4B-00C04F79EFBC}") = "ChainOfResponsibility", "Behavioral\ChainOfResponsibility\ChainOfResponsibility.csproj", "{83708A7B-32AB-453F-9F23-DC3D2F7A7A05}"
EndProject
Project("{FAE04EC0-301F-11D3-BF4B-00C04F79EFBC}") = "usingCoR", "Behavioral\usingCoR\usingCoR.csproj", "{E90C79B2-4AFA-451B-96DE-9F21431813A5}"
EndProject
Project("{FAE04EC0-301F-11D3-BF4B-00C04F79EFBC}") = "Command", "Behavioral\Command\Command.csproj", "{FE35EA6D-202F-4EBD-B08D-130B36AB7781}"
EndProject
Project("{9A19103F-16F7-4668-BE54-9A1E7A4F7556}") = "Interpreter", "Behavioral\Interpreter\Interpreter.csproj", "{183A0A1F-FBF7-400A-93B6-D34BF2DC370F}"
EndProject
Project("{FAE04EC0-301F-11D3-BF4B-00C04F79EFBC}") = "Iterator", "Behavioral\Iterator\Iterator.csproj", "{E5F0F854-C056-4A1A-9089-4898D9A4A615}"
EndProject
Project("{9A19103F-16F7-4668-BE54-9A1E7A4F7556}") = "Memento", "Behavioral\Memento\Memento.csproj", "{11A0EB9A-BD7F-4EE2-B2B3-EFA4F68C52AB}"
EndProject
Project("{FAE04EC0-301F-11D3-BF4B-00C04F79EFBC}") = "Mediator", "Behavioral\Mediator\Mediator.csproj", "{24AF6161-58E4-4E39-93E3-853ED02B5025}"
EndProject
Project("{9A19103F-16F7-4668-BE54-9A1E7A4F7556}") = "Observer", "Behavioral\Observer\Observer.csproj", "{D7455806-89CC-47F7-BEAC-56947ACBA9F1}"
EndProject
Project("{FAE04EC0-301F-11D3-BF4B-00C04F79EFBC}") = "State", "Behavioral\State\State.csproj", "{76F1E59E-BE10-40C9-B93E-847FE4502F63}"
EndProject
Project("{9A19103F-16F7-4668-BE54-9A1E7A4F7556}") = "TemplateMethod", "Behavioral\TemplateMethod\TemplateMethod.csproj", "{F71DEF3E-3FEC-4817-9AF4-7FCA88770D1A}"
EndProject
Project("{FAE04EC0-301F-11D3-BF4B-00C04F79EFBC}") = "Visitor", "Behavioral\Visitor\Visitor.csproj", "{7247DA76-01CE-47AA-B3B6-7083B3275349}"
EndProject
Global
	GlobalSection(SolutionConfigurationPlatforms) = preSolution
		Debug|Any CPU = Debug|Any CPU
		Release|Any CPU = Release|Any CPU
	EndGlobalSection
	GlobalSection(ProjectConfigurationPlatforms) = postSolution
		{1A506394-A6FC-4357-8A79-72B6035BD9C3}.Debug|Any CPU.ActiveCfg = Debug|Any CPU
		{1A506394-A6FC-4357-8A79-72B6035BD9C3}.Debug|Any CPU.Build.0 = Debug|Any CPU
		{1A506394-A6FC-4357-8A79-72B6035BD9C3}.Release|Any CPU.ActiveCfg = Release|Any CPU
		{1A506394-A6FC-4357-8A79-72B6035BD9C3}.Release|Any CPU.Build.0 = Release|Any CPU
		{81DDBEE5-B649-4E58-8FE3-D78417B66D02}.Debug|Any CPU.ActiveCfg = Debug|Any CPU
		{81DDBEE5-B649-4E58-8FE3-D78417B66D02}.Debug|Any CPU.Build.0 = Debug|Any CPU
		{81DDBEE5-B649-4E58-8FE3-D78417B66D02}.Release|Any CPU.ActiveCfg = Release|Any CPU
		{81DDBEE5-B649-4E58-8FE3-D78417B66D02}.Release|Any CPU.Build.0 = Release|Any CPU
		{4E605F33-62B6-481F-A14E-4FEA9C8A0A61}.Debug|Any CPU.ActiveCfg = Debug|Any CPU
		{4E605F33-62B6-481F-A14E-4FEA9C8A0A61}.Debug|Any CPU.Build.0 = Debug|Any CPU
		{4E605F33-62B6-481F-A14E-4FEA9C8A0A61}.Release|Any CPU.ActiveCfg = Release|Any CPU
		{4E605F33-62B6-481F-A14E-4FEA9C8A0A61}.Release|Any CPU.Build.0 = Release|Any CPU
		{C439BE1F-6D46-438E-BF3B-76E308A8C655}.Debug|Any CPU.ActiveCfg = Debug|Any CPU
		{C439BE1F-6D46-438E-BF3B-76E308A8C655}.Debug|Any CPU.Build.0 = Debug|Any CPU
		{C439BE1F-6D46-438E-BF3B-76E308A8C655}.Release|Any CPU.ActiveCfg = Release|Any CPU
		{C439BE1F-6D46-438E-BF3B-76E308A8C655}.Release|Any CPU.Build.0 = Release|Any CPU
		{F6EA8A79-248F-4597-A4EB-A6E5B72AD2F9}.Debug|Any CPU.ActiveCfg = Debug|Any CPU
		{F6EA8A79-248F-4597-A4EB-A6E5B72AD2F9}.Debug|Any CPU.Build.0 = Debug|Any CPU
		{F6EA8A79-248F-4597-A4EB-A6E5B72AD2F9}.Release|Any CPU.ActiveCfg = Release|Any CPU
		{F6EA8A79-248F-4597-A4EB-A6E5B72AD2F9}.Release|Any CPU.Build.0 = Release|Any CPU
		{90E3CF4A-037D-4E7A-83E3-39983024D016}.Debug|Any CPU.ActiveCfg = Debug|Any CPU
		{90E3CF4A-037D-4E7A-83E3-39983024D016}.Debug|Any CPU.Build.0 = Debug|Any CPU
		{90E3CF4A-037D-4E7A-83E3-39983024D016}.Release|Any CPU.ActiveCfg = Release|Any CPU
		{90E3CF4A-037D-4E7A-83E3-39983024D016}.Release|Any CPU.Build.0 = Release|Any CPU
		{88D3EB97-678B-4BAF-98EF-409C5DF8B934}.Debug|Any CPU.ActiveCfg = Debug|Any CPU
		{88D3EB97-678B-4BAF-98EF-409C5DF8B934}.Debug|Any CPU.Build.0 = Debug|Any CPU
		{88D3EB97-678B-4BAF-98EF-409C5DF8B934}.Release|Any CPU.ActiveCfg = Release|Any CPU
		{88D3EB97-678B-4BAF-98EF-409C5DF8B934}.Release|Any CPU.Build.0 = Release|Any CPU
		{8870E23F-C0FD-440B-9F40-384D51258AE7}.Debug|Any CPU.ActiveCfg = Debug|Any CPU
		{8870E23F-C0FD-440B-9F40-384D51258AE7}.Debug|Any CPU.Build.0 = Debug|Any CPU
		{8870E23F-C0FD-440B-9F40-384D51258AE7}.Release|Any CPU.ActiveCfg = Release|Any CPU
		{8870E23F-C0FD-440B-9F40-384D51258AE7}.Release|Any CPU.Build.0 = Release|Any CPU
		{6099CE94-1B94-40F3-A7DE-553CB3066822}.Debug|Any CPU.ActiveCfg = Debug|Any CPU
		{6099CE94-1B94-40F3-A7DE-553CB3066822}.Debug|Any CPU.Build.0 = Debug|Any CPU
		{6099CE94-1B94-40F3-A7DE-553CB3066822}.Release|Any CPU.ActiveCfg = Release|Any CPU
		{6099CE94-1B94-40F3-A7DE-553CB3066822}.Release|Any CPU.Build.0 = Release|Any CPU
		{88B90A71-89F1-4477-B84D-F0439FC9B08E}.Debug|Any CPU.ActiveCfg = Debug|Any CPU
		{88B90A71-89F1-4477-B84D-F0439FC9B08E}.Debug|Any CPU.Build.0 = Debug|Any CPU
		{88B90A71-89F1-4477-B84D-F0439FC9B08E}.Release|Any CPU.ActiveCfg = Release|Any CPU
		{88B90A71-89F1-4477-B84D-F0439FC9B08E}.Release|Any CPU.Build.0 = Release|Any CPU
		{387CAB25-F1C7-44A5-A272-AE47F3FE1179}.Debug|Any CPU.ActiveCfg = Debug|Any CPU
		{387CAB25-F1C7-44A5-A272-AE47F3FE1179}.Debug|Any CPU.Build.0 = Debug|Any CPU
		{387CAB25-F1C7-44A5-A272-AE47F3FE1179}.Release|Any CPU.ActiveCfg = Release|Any CPU
		{387CAB25-F1C7-44A5-A272-AE47F3FE1179}.Release|Any CPU.Build.0 = Release|Any CPU
		{B547C60E-915D-43A5-BD44-EFB9E828029A}.Debug|Any CPU.ActiveCfg = Debug|Any CPU
		{B547C60E-915D-43A5-BD44-EFB9E828029A}.Debug|Any CPU.Build.0 = Debug|Any CPU
		{B547C60E-915D-43A5-BD44-EFB9E828029A}.Release|Any CPU.ActiveCfg = Release|Any CPU
		{B547C60E-915D-43A5-BD44-EFB9E828029A}.Release|Any CPU.Build.0 = Release|Any CPU
		{83708A7B-32AB-453F-9F23-DC3D2F7A7A05}.Debug|Any CPU.ActiveCfg = Debug|Any CPU
		{83708A7B-32AB-453F-9F23-DC3D2F7A7A05}.Debug|Any CPU.Build.0 = Debug|Any CPU
		{83708A7B-32AB-453F-9F23-DC3D2F7A7A05}.Release|Any CPU.ActiveCfg = Release|Any CPU
		{83708A7B-32AB-453F-9F23-DC3D2F7A7A05}.Release|Any CPU.Build.0 = Release|Any CPU
		{E90C79B2-4AFA-451B-96DE-9F21431813A5}.Debug|Any CPU.ActiveCfg = Debug|Any CPU
		{E90C79B2-4AFA-451B-96DE-9F21431813A5}.Debug|Any CPU.Build.0 = Debug|Any CPU
		{E90C79B2-4AFA-451B-96DE-9F21431813A5}.Release|Any CPU.ActiveCfg = Release|Any CPU
		{E90C79B2-4AFA-451B-96DE-9F21431813A5}.Release|Any CPU.Build.0 = Release|Any CPU
		{FE35EA6D-202F-4EBD-B08D-130B36AB7781}.Debug|Any CPU.ActiveCfg = Debug|Any CPU
		{FE35EA6D-202F-4EBD-B08D-130B36AB7781}.Debug|Any CPU.Build.0 = Debug|Any CPU
		{FE35EA6D-202F-4EBD-B08D-130B36AB7781}.Release|Any CPU.ActiveCfg = Release|Any CPU
		{FE35EA6D-202F-4EBD-B08D-130B36AB7781}.Release|Any CPU.Build.0 = Release|Any CPU
		{183A0A1F-FBF7-400A-93B6-D34BF2DC370F}.Debug|Any CPU.ActiveCfg = Debug|Any CPU
		{183A0A1F-FBF7-400A-93B6-D34BF2DC370F}.Debug|Any CPU.Build.0 = Debug|Any CPU
		{183A0A1F-FBF7-400A-93B6-D34BF2DC370F}.Release|Any CPU.ActiveCfg = Release|Any CPU
		{183A0A1F-FBF7-400A-93B6-D34BF2DC370F}.Release|Any CPU.Build.0 = Release|Any CPU
		{E5F0F854-C056-4A1A-9089-4898D9A4A615}.Debug|Any CPU.ActiveCfg = Debug|Any CPU
		{E5F0F854-C056-4A1A-9089-4898D9A4A615}.Debug|Any CPU.Build.0 = Debug|Any CPU
		{E5F0F854-C056-4A1A-9089-4898D9A4A615}.Release|Any CPU.ActiveCfg = Release|Any CPU
		{E5F0F854-C056-4A1A-9089-4898D9A4A615}.Release|Any CPU.Build.0 = Release|Any CPU
		{11A0EB9A-BD7F-4EE2-B2B3-EFA4F68C52AB}.Debug|Any CPU.ActiveCfg = Debug|Any CPU
		{11A0EB9A-BD7F-4EE2-B2B3-EFA4F68C52AB}.Debug|Any CPU.Build.0 = Debug|Any CPU
		{11A0EB9A-BD7F-4EE2-B2B3-EFA4F68C52AB}.Release|Any CPU.ActiveCfg = Release|Any CPU
		{11A0EB9A-BD7F-4EE2-B2B3-EFA4F68C52AB}.Release|Any CPU.Build.0 = Release|Any CPU
		{24AF6161-58E4-4E39-93E3-853ED02B5025}.Debug|Any CPU.ActiveCfg = Debug|Any CPU
		{24AF6161-58E4-4E39-93E3-853ED02B5025}.Debug|Any CPU.Build.0 = Debug|Any CPU
		{24AF6161-58E4-4E39-93E3-853ED02B5025}.Release|Any CPU.ActiveCfg = Release|Any CPU
		{24AF6161-58E4-4E39-93E3-853ED02B5025}.Release|Any CPU.Build.0 = Release|Any CPU
		{D7455806-89CC-47F7-BEAC-56947ACBA9F1}.Debug|Any CPU.ActiveCfg = Debug|Any CPU
		{D7455806-89CC-47F7-BEAC-56947ACBA9F1}.Debug|Any CPU.Build.0 = Debug|Any CPU
		{D7455806-89CC-47F7-BEAC-56947ACBA9F1}.Release|Any CPU.ActiveCfg = Release|Any CPU
		{D7455806-89CC-47F7-BEAC-56947ACBA9F1}.Release|Any CPU.Build.0 = Release|Any CPU
		{76F1E59E-BE10-40C9-B93E-847FE4502F63}.Debug|Any CPU.ActiveCfg = Debug|Any CPU
		{76F1E59E-BE10-40C9-B93E-847FE4502F63}.Debug|Any CPU.Build.0 = Debug|Any CPU
		{76F1E59E-BE10-40C9-B93E-847FE4502F63}.Release|Any CPU.ActiveCfg = Release|Any CPU
		{76F1E59E-BE10-40C9-B93E-847FE4502F63}.Release|Any CPU.Build.0 = Release|Any CPU
		{F71DEF3E-3FEC-4817-9AF4-7FCA88770D1A}.Debug|Any CPU.ActiveCfg = Debug|Any CPU
		{F71DEF3E-3FEC-4817-9AF4-7FCA88770D1A}.Debug|Any CPU.Build.0 = Debug|Any CPU
		{F71DEF3E-3FEC-4817-9AF4-7FCA88770D1A}.Release|Any CPU.ActiveCfg = Release|Any CPU
		{F71DEF3E-3FEC-4817-9AF4-7FCA88770D1A}.Release|Any CPU.Build.0 = Release|Any CPU
		{7247DA76-01CE-47AA-B3B6-7083B3275349}.Debug|Any CPU.ActiveCfg = Debug|Any CPU
		{7247DA76-01CE-47AA-B3B6-7083B3275349}.Debug|Any CPU.Build.0 = Debug|Any CPU
		{7247DA76-01CE-47AA-B3B6-7083B3275349}.Release|Any CPU.ActiveCfg = Release|Any CPU
		{7247DA76-01CE-47AA-B3B6-7083B3275349}.Release|Any CPU.Build.0 = Release|Any CPU
	EndGlobalSection
	GlobalSection(SolutionProperties) = preSolution
		HideSolutionNode = FALSE
	EndGlobalSection
	GlobalSection(NestedProjects) = preSolution
		{1A506394-A6FC-4357-8A79-72B6035BD9C3} = {589E3D68-B269-4E6A-9C80-A6487448481E}
		{81DDBEE5-B649-4E58-8FE3-D78417B66D02} = {589E3D68-B269-4E6A-9C80-A6487448481E}
		{4E605F33-62B6-481F-A14E-4FEA9C8A0A61} = {589E3D68-B269-4E6A-9C80-A6487448481E}
		{C439BE1F-6D46-438E-BF3B-76E308A8C655} = {589E3D68-B269-4E6A-9C80-A6487448481E}
		{F6EA8A79-248F-4597-A4EB-A6E5B72AD2F9} = {589E3D68-B269-4E6A-9C80-A6487448481E}
		{90E3CF4A-037D-4E7A-83E3-39983024D016} = {8706DB6C-F2F0-4F19-8E50-D0E777542384}
		{88D3EB97-678B-4BAF-98EF-409C5DF8B934} = {8706DB6C-F2F0-4F19-8E50-D0E777542384}
		{8870E23F-C0FD-440B-9F40-384D51258AE7} = {8706DB6C-F2F0-4F19-8E50-D0E777542384}
		{6099CE94-1B94-40F3-A7DE-553CB3066822} = {8706DB6C-F2F0-4F19-8E50-D0E777542384}
		{88B90A71-89F1-4477-B84D-F0439FC9B08E} = {8706DB6C-F2F0-4F19-8E50-D0E777542384}
		{387CAB25-F1C7-44A5-A272-AE47F3FE1179} = {8706DB6C-F2F0-4F19-8E50-D0E777542384}
		{B547C60E-915D-43A5-BD44-EFB9E828029A} = {8706DB6C-F2F0-4F19-8E50-D0E777542384}
		{83708A7B-32AB-453F-9F23-DC3D2F7A7A05} = {3F8B018B-D170-4571-A91C-42D27FD58C23}
		{E90C79B2-4AFA-451B-96DE-9F21431813A5} = {3F8B018B-D170-4571-A91C-42D27FD58C23}
		{FE35EA6D-202F-4EBD-B08D-130B36AB7781} = {3F8B018B-D170-4571-A91C-42D27FD58C23}
		{183A0A1F-FBF7-400A-93B6-D34BF2DC370F} = {3F8B018B-D170-4571-A91C-42D27FD58C23}
		{E5F0F854-C056-4A1A-9089-4898D9A4A615} = {3F8B018B-D170-4571-A91C-42D27FD58C23}
		{11A0EB9A-BD7F-4EE2-B2B3-EFA4F68C52AB} = {3F8B018B-D170-4571-A91C-42D27FD58C23}
		{24AF6161-58E4-4E39-93E3-853ED02B5025} = {3F8B018B-D170-4571-A91C-42D27FD58C23}
		{D7455806-89CC-47F7-BEAC-56947ACBA9F1} = {3F8B018B-D170-4571-A91C-42D27FD58C23}
		{76F1E59E-BE10-40C9-B93E-847FE4502F63} = {3F8B018B-D170-4571-A91C-42D27FD58C23}
		{F71DEF3E-3FEC-4817-9AF4-7FCA88770D1A} = {3F8B018B-D170-4571-A91C-42D27FD58C23}
		{7247DA76-01CE-47AA-B3B6-7083B3275349} = {3F8B018B-D170-4571-A91C-42D27FD58C23}
	EndGlobalSection
	GlobalSection(ExtensibilityGlobals) = postSolution
		SolutionGuid = {68389713-9D08-48E2-B17D-1EF096F6A01B}
	EndGlobalSection
EndGlobal
